
Microsoft Visual Studio Solution File, Format Version 12.00
# Visual Studio Version 17
VisualStudioVersion = 17.8.34330.188
MinimumVisualStudioVersion = 10.0.40219.1
Project("{9A19103F-16F7-4668-BE54-9A1E7A4F7556}") = "TasklySender", "TasklySender\TasklySender.csproj", "{3F460C11-FF6D-4677-9E3D-A8B668550A42}"
	ProjectSection(ProjectDependencies) = postProject
		{73D90C01-B407-43FA-A267-64D8D4953EDC} = {73D90C01-B407-43FA-A267-64D8D4953EDC}
	EndProjectSection
EndProject
Project("{9A19103F-16F7-4668-BE54-9A1E7A4F7556}") = "TasklySender_Infrastructure", "TasklySender_Infrastructure\TasklySender_Infrastructure.csproj", "{3D59A6F6-C86F-4133-B053-0AD463050374}"
EndProject
Project("{9A19103F-16F7-4668-BE54-9A1E7A4F7556}") = "TasklySender_Domain", "TasklySender_Domain\TasklySender_Domain.csproj", "{A72BAB02-6130-488C-A758-DC34E869E9C7}"
EndProject
Project("{FAE04EC0-301F-11D3-BF4B-00C04F79EFBC}") = "TasklySender_Application", "TasklySender_Application\TasklySender_Application.csproj", "{73D90C01-B407-43FA-A267-64D8D4953EDC}"
EndProject
Global
	GlobalSection(SolutionConfigurationPlatforms) = preSolution
		Debug|Any CPU = Debug|Any CPU
		Release|Any CPU = Release|Any CPU
	EndGlobalSection
	GlobalSection(ProjectConfigurationPlatforms) = postSolution
		{3F460C11-FF6D-4677-9E3D-A8B668550A42}.Debug|Any CPU.ActiveCfg = Debug|Any CPU
		{3F460C11-FF6D-4677-9E3D-A8B668550A42}.Debug|Any CPU.Build.0 = Debug|Any CPU
		{3F460C11-FF6D-4677-9E3D-A8B668550A42}.Release|Any CPU.ActiveCfg = Release|Any CPU
		{3F460C11-FF6D-4677-9E3D-A8B668550A42}.Release|Any CPU.Build.0 = Release|Any CPU
		{3D59A6F6-C86F-4133-B053-0AD463050374}.Debug|Any CPU.ActiveCfg = Debug|Any CPU
		{3D59A6F6-C86F-4133-B053-0AD463050374}.Debug|Any CPU.Build.0 = Debug|Any CPU
		{3D59A6F6-C86F-4133-B053-0AD463050374}.Release|Any CPU.ActiveCfg = Release|Any CPU
		{3D59A6F6-C86F-4133-B053-0AD463050374}.Release|Any CPU.Build.0 = Release|Any CPU
		{A72BAB02-6130-488C-A758-DC34E869E9C7}.Debug|Any CPU.ActiveCfg = Debug|Any CPU
		{A72BAB02-6130-488C-A758-DC34E869E9C7}.Debug|Any CPU.Build.0 = Debug|Any CPU
		{A72BAB02-6130-488C-A758-DC34E869E9C7}.Release|Any CPU.ActiveCfg = Release|Any CPU
		{A72BAB02-6130-488C-A758-DC34E869E9C7}.Release|Any CPU.Build.0 = Release|Any CPU
		{73D90C01-B407-43FA-A267-64D8D4953EDC}.Debug|Any CPU.ActiveCfg = Debug|Any CPU
		{73D90C01-B407-43FA-A267-64D8D4953EDC}.Debug|Any CPU.Build.0 = Debug|Any CPU
		{73D90C01-B407-43FA-A267-64D8D4953EDC}.Release|Any CPU.ActiveCfg = Release|Any CPU
		{73D90C01-B407-43FA-A267-64D8D4953EDC}.Release|Any CPU.Build.0 = Release|Any CPU
	EndGlobalSection
	GlobalSection(SolutionProperties) = preSolution
		HideSolutionNode = FALSE
	EndGlobalSection
	GlobalSection(ExtensibilityGlobals) = postSolution
		SolutionGuid = {A3B0D7F2-A9B7-46AE-8F4C-A5D690108473}
	EndGlobalSection
EndGlobal
